
Microsoft Visual Studio Solution File, Format Version 12.00
# Visual Studio Version 16
VisualStudioVersion = 16.0.29418.71
MinimumVisualStudioVersion = 10.0.40219.1
Project("{9A19103F-16F7-4668-BE54-9A1E7A4F7556}") = "blazor-electron-demo", "blazor-electron-demo.csproj", "{C4F4823A-C139-4D20-89E2-13DD13072921}"
EndProject
Global
	GlobalSection(SolutionConfigurationPlatforms) = preSolution
		Debug|Any CPU = Debug|Any CPU
		Release|Any CPU = Release|Any CPU
	EndGlobalSection
	GlobalSection(ProjectConfigurationPlatforms) = postSolution
		{C4F4823A-C139-4D20-89E2-13DD13072921}.Debug|Any CPU.ActiveCfg = Debug|Any CPU
		{C4F4823A-C139-4D20-89E2-13DD13072921}.Debug|Any CPU.Build.0 = Debug|Any CPU
		{C4F4823A-C139-4D20-89E2-13DD13072921}.Release|Any CPU.ActiveCfg = Release|Any CPU
		{C4F4823A-C139-4D20-89E2-13DD13072921}.Release|Any CPU.Build.0 = Release|Any CPU
	EndGlobalSection
	GlobalSection(SolutionProperties) = preSolution
		HideSolutionNode = FALSE
	EndGlobalSection
	GlobalSection(ExtensibilityGlobals) = postSolution
		SolutionGuid = {2D6BB77C-2E5B-4324-AA8D-C1B9D1599A6C}
	EndGlobalSection
EndGlobal
